
Microsoft Visual Studio Solution File, Format Version 12.00
# Visual Studio Version 16
VisualStudioVersion = 16.0.30907.101
MinimumVisualStudioVersion = 10.0.40219.1
Project("{9A19103F-16F7-4668-BE54-9A1E7A4F7556}") = "DataAccess", "DataAccess\DataAccess.csproj", "{350EC47C-A863-45AA-B95E-A1953C52FFED}"
EndProject
Project("{9A19103F-16F7-4668-BE54-9A1E7A4F7556}") = "Business", "Business\Business.csproj", "{7F2EA775-7F6D-4C27-93EF-2358181FF806}"
EndProject
Project("{9A19103F-16F7-4668-BE54-9A1E7A4F7556}") = "Entities", "Entities\Entities.csproj", "{30BD8A57-E06E-4FF5-8807-834C255AF338}"
EndProject
Project("{9A19103F-16F7-4668-BE54-9A1E7A4F7556}") = "ConsoleUI", "ConsoleUI\ConsoleUI.csproj", "{8DCBE36E-2162-4181-8F7C-2D9CC008F94E}"
EndProject
Project("{FAE04EC0-301F-11D3-BF4B-00C04F79EFBC}") = "Core", "Core\Core.csproj", "{77B4A93F-10FF-4F0F-9A0C-7F4F61BAB3B1}"
EndProject
Global
	GlobalSection(SolutionConfigurationPlatforms) = preSolution
		Debug|Any CPU = Debug|Any CPU
		Release|Any CPU = Release|Any CPU
	EndGlobalSection
	GlobalSection(ProjectConfigurationPlatforms) = postSolution
		{350EC47C-A863-45AA-B95E-A1953C52FFED}.Debug|Any CPU.ActiveCfg = Debug|Any CPU
		{350EC47C-A863-45AA-B95E-A1953C52FFED}.Debug|Any CPU.Build.0 = Debug|Any CPU
		{350EC47C-A863-45AA-B95E-A1953C52FFED}.Release|Any CPU.ActiveCfg = Release|Any CPU
		{350EC47C-A863-45AA-B95E-A1953C52FFED}.Release|Any CPU.Build.0 = Release|Any CPU
		{7F2EA775-7F6D-4C27-93EF-2358181FF806}.Debug|Any CPU.ActiveCfg = Debug|Any CPU
		{7F2EA775-7F6D-4C27-93EF-2358181FF806}.Debug|Any CPU.Build.0 = Debug|Any CPU
		{7F2EA775-7F6D-4C27-93EF-2358181FF806}.Release|Any CPU.ActiveCfg = Release|Any CPU
		{7F2EA775-7F6D-4C27-93EF-2358181FF806}.Release|Any CPU.Build.0 = Release|Any CPU
		{30BD8A57-E06E-4FF5-8807-834C255AF338}.Debug|Any CPU.ActiveCfg = Debug|Any CPU
		{30BD8A57-E06E-4FF5-8807-834C255AF338}.Debug|Any CPU.Build.0 = Debug|Any CPU
		{30BD8A57-E06E-4FF5-8807-834C255AF338}.Release|Any CPU.ActiveCfg = Release|Any CPU
		{30BD8A57-E06E-4FF5-8807-834C255AF338}.Release|Any CPU.Build.0 = Release|Any CPU
		{8DCBE36E-2162-4181-8F7C-2D9CC008F94E}.Debug|Any CPU.ActiveCfg = Debug|Any CPU
		{8DCBE36E-2162-4181-8F7C-2D9CC008F94E}.Debug|Any CPU.Build.0 = Debug|Any CPU
		{8DCBE36E-2162-4181-8F7C-2D9CC008F94E}.Release|Any CPU.ActiveCfg = Release|Any CPU
		{8DCBE36E-2162-4181-8F7C-2D9CC008F94E}.Release|Any CPU.Build.0 = Release|Any CPU
		{77B4A93F-10FF-4F0F-9A0C-7F4F61BAB3B1}.Debug|Any CPU.ActiveCfg = Debug|Any CPU
		{77B4A93F-10FF-4F0F-9A0C-7F4F61BAB3B1}.Debug|Any CPU.Build.0 = Debug|Any CPU
		{77B4A93F-10FF-4F0F-9A0C-7F4F61BAB3B1}.Release|Any CPU.ActiveCfg = Release|Any CPU
		{77B4A93F-10FF-4F0F-9A0C-7F4F61BAB3B1}.Release|Any CPU.Build.0 = Release|Any CPU
	EndGlobalSection
	GlobalSection(SolutionProperties) = preSolution
		HideSolutionNode = FALSE
	EndGlobalSection
	GlobalSection(ExtensibilityGlobals) = postSolution
		SolutionGuid = {03039128-948D-4D2E-9C32-872FB3E43E52}
	EndGlobalSection
EndGlobal
